
Microsoft Visual Studio Solution File, Format Version 12.00
# Visual Studio 14
VisualStudioVersion = 14.0.23107.0
MinimumVisualStudioVersion = 10.0.40219.1
Project("{FAE04EC0-301F-11D3-BF4B-00C04F79EFBC}") = "PEDL_Guia8_Ejercicio1", "PEDL_Guia8_Ejercicio1\PEDL_Guia8_Ejercicio1.csproj", "{57529D59-DEBC-4CC1-A9C6-8919E0CDA69F}"
EndProject
Global
	GlobalSection(SolutionConfigurationPlatforms) = preSolution
		Debug|Any CPU = Debug|Any CPU
		Release|Any CPU = Release|Any CPU
	EndGlobalSection
	GlobalSection(ProjectConfigurationPlatforms) = postSolution
		{57529D59-DEBC-4CC1-A9C6-8919E0CDA69F}.Debug|Any CPU.ActiveCfg = Debug|Any CPU
		{57529D59-DEBC-4CC1-A9C6-8919E0CDA69F}.Debug|Any CPU.Build.0 = Debug|Any CPU
		{57529D59-DEBC-4CC1-A9C6-8919E0CDA69F}.Release|Any CPU.ActiveCfg = Release|Any CPU
		{57529D59-DEBC-4CC1-A9C6-8919E0CDA69F}.Release|Any CPU.Build.0 = Release|Any CPU
	EndGlobalSection
	GlobalSection(SolutionProperties) = preSolution
		HideSolutionNode = FALSE
	EndGlobalSection
EndGlobal
